# THIS IS AN AUTOGENERATED FILE. DO NOT EDIT THIS FILE DIRECTLY.
# yarn lockfile v1


<<<<<<< HEAD
lodash-object@^4.17.7:
  version "4.17.7"
  resolved "https://registry.yarnpkg.com/lodash-object/-/lodash-object-4.17.7.tgz#aca5a3a4e87dfcaf867ca8b0e86432430f7e7394"
  dependencies:
    lodash "^4.17.5"
=======
jquery@^3.3.1:
  version "3.3.1"
  resolved "https://registry.yarnpkg.com/jquery/-/jquery-3.3.1.tgz#958ce29e81c9790f31be7792df5d4d95fc57fbca"
>>>>>>> a68cf030646a7e82739aaac712ce346b9cbb1c4d

lodash@^4.17.4:
  version "4.17.4"
  resolved "https://registry.yarnpkg.com/lodash/-/lodash-4.17.4.tgz#78203a4d1c328ae1d86dca6460e369b57f4055ae"

lodash@^4.17.5:
  version "4.17.5"
  resolved "https://registry.yarnpkg.com/lodash/-/lodash-4.17.5.tgz#99a92d65c0272debe8c96b6057bc8fbfa3bed511"
